
Microsoft Visual Studio Solution File, Format Version 12.00
# Visual Studio Version 16
VisualStudioVersion = 16.0.30204.135
MinimumVisualStudioVersion = 10.0.40219.1
Project("{FAE04EC0-301F-11D3-BF4B-00C04F79EFBC}") = "PhoneCentral", "PhoneCentral.csproj", "{A373B2C2-83CA-468D-A5F4-0A361FD57AF9}"
EndProject
Global
	GlobalSection(SolutionConfigurationPlatforms) = preSolution
		Debug|Any CPU = Debug|Any CPU
		Release|Any CPU = Release|Any CPU
	EndGlobalSection
	GlobalSection(ProjectConfigurationPlatforms) = postSolution
		{A373B2C2-83CA-468D-A5F4-0A361FD57AF9}.Debug|Any CPU.ActiveCfg = Debug|Any CPU
		{A373B2C2-83CA-468D-A5F4-0A361FD57AF9}.Debug|Any CPU.Build.0 = Debug|Any CPU
		{A373B2C2-83CA-468D-A5F4-0A361FD57AF9}.Release|Any CPU.ActiveCfg = Release|Any CPU
		{A373B2C2-83CA-468D-A5F4-0A361FD57AF9}.Release|Any CPU.Build.0 = Release|Any CPU
	EndGlobalSection
	GlobalSection(SolutionProperties) = preSolution
		HideSolutionNode = FALSE
	EndGlobalSection
	GlobalSection(ExtensibilityGlobals) = postSolution
		SolutionGuid = {AEB35216-4499-45F0-A6DA-10A5A96F86F0}
	EndGlobalSection
EndGlobal
